// !$*UTF8*$!
{
	archiveVersion = 1;
	classes = {
	};
	objectVersion = 46;
	objects = {

/* Begin PBXBuildFile section */
		8411A3B81F4B11B500F5490D /* AppDelegate.swift in Sources */ = {isa = PBXBuildFile; fileRef = 8411A3B71F4B11B500F5490D /* AppDelegate.swift */; };
		8411A3BA1F4B11B500F5490D /* NotesViewController.swift in Sources */ = {isa = PBXBuildFile; fileRef = 8411A3B91F4B11B500F5490D /* NotesViewController.swift */; };
		8411A3BD1F4B11B500F5490D /* Main.storyboard in Resources */ = {isa = PBXBuildFile; fileRef = 8411A3BB1F4B11B500F5490D /* Main.storyboard */; };
		8411A3BF1F4B11B500F5490D /* Assets.xcassets in Resources */ = {isa = PBXBuildFile; fileRef = 8411A3BE1F4B11B500F5490D /* Assets.xcassets */; };
		8411A3C21F4B11B500F5490D /* LaunchScreen.storyboard in Resources */ = {isa = PBXBuildFile; fileRef = 8411A3C01F4B11B500F5490D /* LaunchScreen.storyboard */; };
		841F8E491F52E7AA005A9083 /* ModifyNoteOperation.swift in Sources */ = {isa = PBXBuildFile; fileRef = 841F8E481F52E7AA005A9083 /* ModifyNoteOperation.swift */; };
		848514731F4C60000075A83D /* Login.storyboard in Resources */ = {isa = PBXBuildFile; fileRef = 848514711F4C60000075A83D /* Login.storyboard */; };
		848514751F4C609B0075A83D /* LoginViewController.swift in Sources */ = {isa = PBXBuildFile; fileRef = 848514741F4C609B0075A83D /* LoginViewController.swift */; };
		848514771F4C69690075A83D /* Login.swift in Sources */ = {isa = PBXBuildFile; fileRef = 848514761F4C69690075A83D /* Login.swift */; };
		84DCADE71F5436DC00329AEA /* GetNotesOperation.swift in Sources */ = {isa = PBXBuildFile; fileRef = 84DCADE61F5436DC00329AEA /* GetNotesOperation.swift */; };
		84DCADE91F54724900329AEA /* ParseNotesOperation.swift in Sources */ = {isa = PBXBuildFile; fileRef = 84DCADE81F54724900329AEA /* ParseNotesOperation.swift */; };
		84FAF6851F5170AE00727D8D /* ComposeNoteViewController.swift in Sources */ = {isa = PBXBuildFile; fileRef = 84FAF6841F5170AE00727D8D /* ComposeNoteViewController.swift */; };
		84FAF6871F51722300727D8D /* Note.swift in Sources */ = {isa = PBXBuildFile; fileRef = 84FAF6861F51722300727D8D /* Note.swift */; };
		84FAF6891F5173AD00727D8D /* DataController.swift in Sources */ = {isa = PBXBuildFile; fileRef = 84FAF6881F5173AD00727D8D /* DataController.swift */; };
/* End PBXBuildFile section */

/* Begin PBXFileReference section */
		8411A3B41F4B11B500F5490D /* SwiftLesson2.app */ = {isa = PBXFileReference; explicitFileType = wrapper.application; includeInIndex = 0; path = SwiftLesson2.app; sourceTree = BUILT_PRODUCTS_DIR; };
		8411A3B71F4B11B500F5490D /* AppDelegate.swift */ = {isa = PBXFileReference; lastKnownFileType = sourcecode.swift; path = AppDelegate.swift; sourceTree = "<group>"; };
		8411A3B91F4B11B500F5490D /* NotesViewController.swift */ = {isa = PBXFileReference; lastKnownFileType = sourcecode.swift; path = NotesViewController.swift; sourceTree = "<group>"; };
		8411A3BC1F4B11B500F5490D /* Base */ = {isa = PBXFileReference; lastKnownFileType = file.storyboard; name = Base; path = Base.lproj/Main.storyboard; sourceTree = "<group>"; };
		8411A3BE1F4B11B500F5490D /* Assets.xcassets */ = {isa = PBXFileReference; lastKnownFileType = folder.assetcatalog; path = Assets.xcassets; sourceTree = "<group>"; };
		8411A3C11F4B11B500F5490D /* Base */ = {isa = PBXFileReference; lastKnownFileType = file.storyboard; name = Base; path = Base.lproj/LaunchScreen.storyboard; sourceTree = "<group>"; };
		8411A3C31F4B11B500F5490D /* Info.plist */ = {isa = PBXFileReference; lastKnownFileType = text.plist.xml; path = Info.plist; sourceTree = "<group>"; };
		841F8E481F52E7AA005A9083 /* ModifyNoteOperation.swift */ = {isa = PBXFileReference; fileEncoding = 4; lastKnownFileType = sourcecode.swift; path = ModifyNoteOperation.swift; sourceTree = "<group>"; };
		848514721F4C60000075A83D /* Base */ = {isa = PBXFileReference; lastKnownFileType = file.storyboard; name = Base; path = Base.lproj/Login.storyboard; sourceTree = "<group>"; };
		848514741F4C609B0075A83D /* LoginViewController.swift */ = {isa = PBXFileReference; fileEncoding = 4; lastKnownFileType = sourcecode.swift; path = LoginViewController.swift; sourceTree = "<group>"; };
		848514761F4C69690075A83D /* Login.swift */ = {isa = PBXFileReference; fileEncoding = 4; lastKnownFileType = sourcecode.swift; path = Login.swift; sourceTree = "<group>"; };
		84DCADE61F5436DC00329AEA /* GetNotesOperation.swift */ = {isa = PBXFileReference; fileEncoding = 4; lastKnownFileType = sourcecode.swift; path = GetNotesOperation.swift; sourceTree = "<group>"; };
		84DCADE81F54724900329AEA /* ParseNotesOperation.swift */ = {isa = PBXFileReference; fileEncoding = 4; lastKnownFileType = sourcecode.swift; path = ParseNotesOperation.swift; sourceTree = "<group>"; };
		84FAF6841F5170AE00727D8D /* ComposeNoteViewController.swift */ = {isa = PBXFileReference; fileEncoding = 4; lastKnownFileType = sourcecode.swift; path = ComposeNoteViewController.swift; sourceTree = "<group>"; };
		84FAF6861F51722300727D8D /* Note.swift */ = {isa = PBXFileReference; fileEncoding = 4; lastKnownFileType = sourcecode.swift; path = Note.swift; sourceTree = "<group>"; };
		84FAF6881F5173AD00727D8D /* DataController.swift */ = {isa = PBXFileReference; fileEncoding = 4; lastKnownFileType = sourcecode.swift; path = DataController.swift; sourceTree = "<group>"; };
/* End PBXFileReference section */

/* Begin PBXFrameworksBuildPhase section */
		8411A3B11F4B11B500F5490D /* Frameworks */ = {
			isa = PBXFrameworksBuildPhase;
			buildActionMask = 2147483647;
			files = (
			);
			runOnlyForDeploymentPostprocessing = 0;
		};
/* End PBXFrameworksBuildPhase section */

/* Begin PBXGroup section */
		8411A3AB1F4B11B500F5490D = {
			isa = PBXGroup;
			children = (
				8411A3B61F4B11B500F5490D /* SwiftLesson2 */,
				8411A3B51F4B11B500F5490D /* Products */,
			);
			sourceTree = "<group>";
		};
		8411A3B51F4B11B500F5490D /* Products */ = {
			isa = PBXGroup;
			children = (
				8411A3B41F4B11B500F5490D /* SwiftLesson2.app */,
			);
			name = Products;
			sourceTree = "<group>";
		};
		8411A3B61F4B11B500F5490D /* SwiftLesson2 */ = {
			isa = PBXGroup;
			children = (
				8411A3B71F4B11B500F5490D /* AppDelegate.swift */,
				8411A3B91F4B11B500F5490D /* NotesViewController.swift */,
				8411A3BB1F4B11B500F5490D /* Main.storyboard */,
				848514711F4C60000075A83D /* Login.storyboard */,
				8411A3BE1F4B11B500F5490D /* Assets.xcassets */,
				8411A3C01F4B11B500F5490D /* LaunchScreen.storyboard */,
				8411A3C31F4B11B500F5490D /* Info.plist */,
				848514741F4C609B0075A83D /* LoginViewController.swift */,
				848514761F4C69690075A83D /* Login.swift */,
				84FAF6841F5170AE00727D8D /* ComposeNoteViewController.swift */,
				84FAF6861F51722300727D8D /* Note.swift */,
				84FAF6881F5173AD00727D8D /* DataController.swift */,
				841F8E481F52E7AA005A9083 /* ModifyNoteOperation.swift */,
				84DCADE61F5436DC00329AEA /* GetNotesOperation.swift */,
				84DCADE81F54724900329AEA /* ParseNotesOperation.swift */,
			);
			path = SwiftLesson2;
			sourceTree = "<group>";
		};
/* End PBXGroup section */

/* Begin PBXNativeTarget section */
		8411A3B31F4B11B500F5490D /* SwiftLesson2 */ = {
			isa = PBXNativeTarget;
			buildConfigurationList = 8411A3C61F4B11B500F5490D /* Build configuration list for PBXNativeTarget "SwiftLesson2" */;
			buildPhases = (
				8411A3B01F4B11B500F5490D /* Sources */,
				8411A3B11F4B11B500F5490D /* Frameworks */,
				8411A3B21F4B11B500F5490D /* Resources */,
			);
			buildRules = (
			);
			dependencies = (
			);
			name = SwiftLesson2;
			productName = SwiftLesson2;
			productReference = 8411A3B41F4B11B500F5490D /* SwiftLesson2.app */;
			productType = "com.apple.product-type.application";
		};
/* End PBXNativeTarget section */

/* Begin PBXProject section */
		8411A3AC1F4B11B500F5490D /* Project object */ = {
			isa = PBXProject;
			attributes = {
				LastSwiftUpdateCheck = 0830;
				LastUpgradeCheck = 0830;
				ORGANIZATIONNAME = DemkivVova;
				TargetAttributes = {
					8411A3B31F4B11B500F5490D = {
						CreatedOnToolsVersion = 8.3.3;
						ProvisioningStyle = Automatic;
					};
				};
			};
			buildConfigurationList = 8411A3AF1F4B11B500F5490D /* Build configuration list for PBXProject "SwiftLesson2" */;
			compatibilityVersion = "Xcode 3.2";
			developmentRegion = English;
			hasScannedForEncodings = 0;
			knownRegions = (
				en,
				Base,
			);
			mainGroup = 8411A3AB1F4B11B500F5490D;
			productRefGroup = 8411A3B51F4B11B500F5490D /* Products */;
			projectDirPath = "";
			projectRoot = "";
			targets = (
				8411A3B31F4B11B500F5490D /* SwiftLesson2 */,
			);
		};
/* End PBXProject section */

/* Begin PBXResourcesBuildPhase section */
		8411A3B21F4B11B500F5490D /* Resources */ = {
			isa = PBXResourcesBuildPhase;
			buildActionMask = 2147483647;
			files = (
				848514731F4C60000075A83D /* Login.storyboard in Resources */,
				8411A3C21F4B11B500F5490D /* LaunchScreen.storyboard in Resources */,
				8411A3BF1F4B11B500F5490D /* Assets.xcassets in Resources */,
				8411A3BD1F4B11B500F5490D /* Main.storyboard in Resources */,
			);
			runOnlyForDeploymentPostprocessing = 0;
		};
/* End PBXResourcesBuildPhase section */

/* Begin PBXSourcesBuildPhase section */
		8411A3B01F4B11B500F5490D /* Sources */ = {
			isa = PBXSourcesBuildPhase;
			buildActionMask = 2147483647;
			files = (
				84FAF6891F5173AD00727D8D /* DataController.swift in Sources */,
				84DCADE91F54724900329AEA /* ParseNotesOperation.swift in Sources */,
				848514751F4C609B0075A83D /* LoginViewController.swift in Sources */,
				8411A3BA1F4B11B500F5490D /* NotesViewController.swift in Sources */,
				841F8E491F52E7AA005A9083 /* ModifyNoteOperation.swift in Sources */,
				84FAF6851F5170AE00727D8D /* ComposeNoteViewController.swift in Sources */,
				8411A3B81F4B11B500F5490D /* AppDelegate.swift in Sources */,
				848514771F4C69690075A83D /* Login.swift in Sources */,
				84DCADE71F5436DC00329AEA /* GetNotesOperation.swift in Sources */,
				84FAF6871F51722300727D8D /* Note.swift in Sources */,
			);
			runOnlyForDeploymentPostprocessing = 0;
		};
/* End PBXSourcesBuildPhase section */

/* Begin PBXVariantGroup section */
		8411A3BB1F4B11B500F5490D /* Main.storyboard */ = {
			isa = PBXVariantGroup;
			children = (
				8411A3BC1F4B11B500F5490D /* Base */,
			);
			name = Main.storyboard;
			sourceTree = "<group>";
		};
		8411A3C01F4B11B500F5490D /* LaunchScreen.storyboard */ = {
			isa = PBXVariantGroup;
			children = (
				8411A3C11F4B11B500F5490D /* Base */,
			);
			name = LaunchScreen.storyboard;
			sourceTree = "<group>";
		};
		848514711F4C60000075A83D /* Login.storyboard */ = {
			isa = PBXVariantGroup;
			children = (
				848514721F4C60000075A83D /* Base */,
			);
			name = Login.storyboard;
			sourceTree = "<group>";
		};
/* End PBXVariantGroup section */

/* Begin XCBuildConfiguration section */
		8411A3C41F4B11B500F5490D /* Debug */ = {
			isa = XCBuildConfiguration;
			buildSettings = {
				ALWAYS_SEARCH_USER_PATHS = NO;
				CLANG_ANALYZER_NONNULL = YES;
				CLANG_ANALYZER_NUMBER_OBJECT_CONVERSION = YES_AGGRESSIVE;
				CLANG_CXX_LANGUAGE_STANDARD = "gnu++0x";
				CLANG_CXX_LIBRARY = "libc++";
				CLANG_ENABLE_MODULES = YES;
				CLANG_ENABLE_OBJC_ARC = YES;
				CLANG_WARN_BOOL_CONVERSION = YES;
				CLANG_WARN_CONSTANT_CONVERSION = YES;
				CLANG_WARN_DIRECT_OBJC_ISA_USAGE = YES_ERROR;
				CLANG_WARN_DOCUMENTATION_COMMENTS = YES;
				CLANG_WARN_EMPTY_BODY = YES;
				CLANG_WARN_ENUM_CONVERSION = YES;
				CLANG_WARN_INFINITE_RECURSION = YES;
				CLANG_WARN_INT_CONVERSION = YES;
				CLANG_WARN_OBJC_ROOT_CLASS = YES_ERROR;
				CLANG_WARN_SUSPICIOUS_MOVE = YES;
				CLANG_WARN_UNREACHABLE_CODE = YES;
				CLANG_WARN__DUPLICATE_METHOD_MATCH = YES;
				"CODE_SIGN_IDENTITY[sdk=iphoneos*]" = "iPhone Developer";
				COPY_PHASE_STRIP = NO;
				DEBUG_INFORMATION_FORMAT = dwarf;
				ENABLE_STRICT_OBJC_MSGSEND = YES;
				ENABLE_TESTABILITY = YES;
				GCC_C_LANGUAGE_STANDARD = gnu99;
				GCC_DYNAMIC_NO_PIC = NO;
				GCC_NO_COMMON_BLOCKS = YES;
				GCC_OPTIMIZATION_LEVEL = 0;
				GCC_PREPROCESSOR_DEFINITIONS = (
					"DEBUG=1",
					"$(inherited)",
				);
				GCC_WARN_64_TO_32_BIT_CONVERSION = YES;
				GCC_WARN_ABOUT_RETURN_TYPE = YES_ERROR;
				GCC_WARN_UNDECLARED_SELECTOR = YES;
				GCC_WARN_UNINITIALIZED_AUTOS = YES_AGGRESSIVE;
				GCC_WARN_UNUSED_FUNCTION = YES;
				GCC_WARN_UNUSED_VARIABLE = YES;
				IPHONEOS_DEPLOYMENT_TARGET = 10.3;
				MTL_ENABLE_DEBUG_INFO = YES;
				ONLY_ACTIVE_ARCH = YES;
				SDKROOT = iphoneos;
				SWIFT_ACTIVE_COMPILATION_CONDITIONS = DEBUG;
				SWIFT_OPTIMIZATION_LEVEL = "-Onone";
				TARGETED_DEVICE_FAMILY = "1,2";
			};
			name = Debug;
		};
		8411A3C51F4B11B500F5490D /* Release */ = {
			isa = XCBuildConfiguration;
			buildSettings = {
				ALWAYS_SEARCH_USER_PATHS = NO;
				CLANG_ANALYZER_NONNULL = YES;
				CLANG_ANALYZER_NUMBER_OBJECT_CONVERSION = YES_AGGRESSIVE;
				CLANG_CXX_LANGUAGE_STANDARD = "gnu++0x";
				CLANG_CXX_LIBRARY = "libc++";
				CLANG_ENABLE_MODULES = YES;
				CLANG_ENABLE_OBJC_ARC = YES;
				CLANG_WARN_BOOL_CONVERSION = YES;
				CLANG_WARN_CONSTANT_CONVERSION = YES;
				CLANG_WARN_DIRECT_OBJC_ISA_USAGE = YES_ERROR;
				CLANG_WARN_DOCUMENTATION_COMMENTS = YES;
				CLANG_WARN_EMPTY_BODY = YES;
				CLANG_WARN_ENUM_CONVERSION = YES;
				CLANG_WARN_INFINITE_RECURSION = YES;
				CLANG_WARN_INT_CONVERSION = YES;
				CLANG_WARN_OBJC_ROOT_CLASS = YES_ERROR;
				CLANG_WARN_SUSPICIOUS_MOVE = YES;
				CLANG_WARN_UNREACHABLE_CODE = YES;
				CLANG_WARN__DUPLICATE_METHOD_MATCH = YES;
				"CODE_SIGN_IDENTITY[sdk=iphoneos*]" = "iPhone Developer";
				COPY_PHASE_STRIP = NO;
				DEBUG_INFORMATION_FORMAT = "dwarf-with-dsym";
				ENABLE_NS_ASSERTIONS = NO;
				ENABLE_STRICT_OBJC_MSGSEND = YES;
				GCC_C_LANGUAGE_STANDARD = gnu99;
				GCC_NO_COMMON_BLOCKS = YES;
				GCC_WARN_64_TO_32_BIT_CONVERSION = YES;
				GCC_WARN_ABOUT_RETURN_TYPE = YES_ERROR;
				GCC_WARN_UNDECLARED_SELECTOR = YES;
				GCC_WARN_UNINITIALIZED_AUTOS = YES_AGGRESSIVE;
				GCC_WARN_UNUSED_FUNCTION = YES;
				GCC_WARN_UNUSED_VARIABLE = YES;
				IPHONEOS_DEPLOYMENT_TARGET = 10.3;
				MTL_ENABLE_DEBUG_INFO = NO;
				SDKROOT = iphoneos;
				SWIFT_OPTIMIZATION_LEVEL = "-Owholemodule";
				TARGETED_DEVICE_FAMILY = "1,2";
				VALIDATE_PRODUCT = YES;
			};
			name = Release;
		};
		8411A3C71F4B11B500F5490D /* Debug */ = {
			isa = XCBuildConfiguration;
			buildSettings = {
				ASSETCATALOG_COMPILER_APPICON_NAME = AppIcon;
				INFOPLIST_FILE = SwiftLesson2/Info.plist;
				LD_RUNPATH_SEARCH_PATHS = "$(inherited) @executable_path/Frameworks";
				PRODUCT_BUNDLE_IDENTIFIER = dem.SwiftLesson2;
				PRODUCT_NAME = "$(TARGET_NAME)";
				SWIFT_VERSION = 3.0;
			};
			name = Debug;
		};
		8411A3C81F4B11B500F5490D /* Release */ = {
			isa = XCBuildConfiguration;
			buildSettings = {
				ASSETCATALOG_COMPILER_APPICON_NAME = AppIcon;
				INFOPLIST_FILE = SwiftLesson2/Info.plist;
				LD_RUNPATH_SEARCH_PATHS = "$(inherited) @executable_path/Frameworks";
				PRODUCT_BUNDLE_IDENTIFIER = dem.SwiftLesson2;
				PRODUCT_NAME = "$(TARGET_NAME)";
				SWIFT_VERSION = 3.0;
			};
			name = Release;
		};
/* End XCBuildConfiguration section */

/* Begin XCConfigurationList section */
		8411A3AF1F4B11B500F5490D /* Build configuration list for PBXProject "SwiftLesson2" */ = {
			isa = XCConfigurationList;
			buildConfigurations = (
				8411A3C41F4B11B500F5490D /* Debug */,
				8411A3C51F4B11B500F5490D /* Release */,
			);
			defaultConfigurationIsVisible = 0;
			defaultConfigurationName = Release;
		};
		8411A3C61F4B11B500F5490D /* Build configuration list for PBXNativeTarget "SwiftLesson2" */ = {
			isa = XCConfigurationList;
			buildConfigurations = (
				8411A3C71F4B11B500F5490D /* Debug */,
				8411A3C81F4B11B500F5490D /* Release */,
			);
			defaultConfigurationIsVisible = 0;
			defaultConfigurationName = Release;
		};
/* End XCConfigurationList section */
	};
	rootObject = 8411A3AC1F4B11B500F5490D /* Project object */;
}
